<?xml version="1.0" encoding="utf-8"?>
<Project ToolsVersion="4.0" xmlns="http://schemas.microsoft.com/developer/msbuild/2003">
  <ItemGroup>
    <Filter Include="源文件">
      <UniqueIdentifier>{4FC737F1-C7A5-4376-A066-2A32D752A2FF}</UniqueIdentifier>
      <Extensions>cpp;c;cc;cxx;def;odl;idl;hpj;bat;asm;asmx</Extensions>
    </Filter>
    <Filter Include="头文件">
      <UniqueIdentifier>{93995380-89BD-4b04-88EB-625FBE52EBFB}</UniqueIdentifier>
      <Extensions>h;hpp;hxx;hm;inl;inc;xsd</Extensions>
    </Filter>
    <Filter Include="资源文件">
      <UniqueIdentifier>{67DA6AB6-F800-4c08-8B7A-83BB121AAD01}</UniqueIdentifier>
      <Extensions>rc;ico;cur;bmp;dlg;rc2;rct;bin;rgs;gif;jpg;jpeg;jpe;resx;tiff;tif;png;wav;mfcribbon-ms</Extensions>
    </Filter>
    <Filter Include="xml">
      <UniqueIdentifier>{9a91307f-ddd3-4069-ace1-d12b8020b899}</UniqueIdentifier>
    </Filter>
  </ItemGroup>
  <ItemGroup>
    <None Include="ReadMe.txt" />
    <None Include="res\TcpDemo.rc2">
      <Filter>资源文件</Filter>
    </None>
    <None Include="res\TcpDemo.ico">
      <Filter>资源文件</Filter>
    </None>
  </ItemGroup>
  <ItemGroup>
    <ClInclude Include="TcpDemo.h">
      <Filter>头文件</Filter>
    </ClInclude>
    <ClInclude Include="TcpDemoDlg.h">
      <Filter>头文件</Filter>
    </ClInclude>
    <ClInclude Include="stdafx.h">
      <Filter>头文件</Filter>
    </ClInclude>
    <ClInclude Include="targetver.h">
      <Filter>头文件</Filter>
    </ClInclude>
    <ClInclude Include="Resource.h">
      <Filter>头文件</Filter>
    </ClInclude>
    <ClInclude Include="GlobalSocket.h">
      <Filter>头文件</Filter>
    </ClInclude>
    <ClInclude Include="StringProc.h">
      <Filter>头文件</Filter>
    </ClInclude>
    <ClInclude Include="TcpServerManager.h">
      <Filter>头文件</Filter>
    </ClInclude>
    <ClInclude Include="GlobalFunction.h">
      <Filter>头文件</Filter>
    </ClInclude>
    <ClInclude Include="TcpClientManager.h">
      <Filter>头文件</Filter>
    </ClInclude>
    <ClInclude Include="LensAA.h">
      <Filter>头文件</Filter>
    </ClInclude>
    <ClInclude Include="pugiconfig.hpp">
      <Filter>xml</Filter>
    </ClInclude>
    <ClInclude Include="pugixml.hpp">
      <Filter>xml</Filter>
    </ClInclude>
  </ItemGroup>
  <ItemGroup>
    <ClCompile Include="TcpDemo.cpp">
      <Filter>源文件</Filter>
    </ClCompile>
    <ClCompile Include="TcpDemoDlg.cpp">
      <Filter>源文件</Filter>
    </ClCompile>
    <ClCompile Include="stdafx.cpp">
      <Filter>源文件</Filter>
    </ClCompile>
    <ClCompile Include="GlobalSocket.cpp">
      <Filter>源文件</Filter>
    </ClCompile>
    <ClCompile Include="StringProc.cpp">
      <Filter>源文件</Filter>
    </ClCompile>
    <ClCompile Include="TcpServerManager.cpp">
      <Filter>源文件</Filter>
    </ClCompile>
    <ClCompile Include="GlobalFunction.cpp">
      <Filter>源文件</Filter>
    </ClCompile>
    <ClCompile Include="TcpClientManager.cpp">
      <Filter>源文件</Filter>
    </ClCompile>
    <ClCompile Include="LensAA.cpp">
      <Filter>源文件</Filter>
    </ClCompile>
    <ClCompile Include="pugixml.cpp">
      <Filter>xml</Filter>
    </ClCompile>
  </ItemGroup>
  <ItemGroup>
    <ResourceCompile Include="TcpDemo.rc">
      <Filter>资源文件</Filter>
    </ResourceCompile>
  </ItemGroup>
</Project>