<?xml version="1.0" encoding="utf-8"?>
<Project ToolsVersion="4.0" xmlns="http://schemas.microsoft.com/developer/msbuild/2003">
  <ItemGroup>
    <Filter Include="Resource Files">
      <UniqueIdentifier>{D9D6E242-F8AF-46E4-B9FD-80ECBC20BA3E}</UniqueIdentifier>
      <Extensions>qrc;*</Extensions>
      <ParseFiles>false</ParseFiles>
    </Filter>
    <Filter Include="Generated Files">
      <UniqueIdentifier>{71ED8ED8-ACB9-4CE9-BBE1-E00B30144E11}</UniqueIdentifier>
      <Extensions>moc;h;cpp</Extensions>
      <SourceControlFiles>False</SourceControlFiles>
    </Filter>
    <Filter Include="Generated Files\Debug">
      <UniqueIdentifier>{52b0f47d-2fa7-4039-9dbe-101ceeb52baa}</UniqueIdentifier>
      <Extensions>cpp;moc</Extensions>
      <SourceControlFiles>False</SourceControlFiles>
    </Filter>
    <Filter Include="Generated Files\Release">
      <UniqueIdentifier>{5befabb3-0ad7-4f8a-9c13-9f3836e4ca87}</UniqueIdentifier>
      <Extensions>cpp;moc</Extensions>
      <SourceControlFiles>False</SourceControlFiles>
    </Filter>
    <Filter Include="Form Files">
      <UniqueIdentifier>{99349809-55BA-4b9d-BF79-8FDBB0286EB3}</UniqueIdentifier>
      <Extensions>ui</Extensions>
      <ParseFiles>true</ParseFiles>
    </Filter>
  </ItemGroup>
  <ItemGroup>
    <ClCompile Include="GeneratedFiles\qrc_OpencvDemo.cpp">
      <Filter>Generated Files</Filter>
    </ClCompile>
    <ClCompile Include="GeneratedFiles\Debug\moc_QDlgMain.cpp">
      <Filter>Generated Files\Debug</Filter>
    </ClCompile>
    <ClCompile Include="GeneratedFiles\Release\moc_QDlgMain.cpp">
      <Filter>Generated Files\Release</Filter>
    </ClCompile>
    <ClCompile Include="GlobalFunction.cpp" />
    <ClCompile Include="main.cpp" />
    <ClCompile Include="QDlgMain.cpp" />
    <ClCompile Include="LineFinder.cpp">
      <Filter>Generated Files</Filter>
    </ClCompile>
    <ClCompile Include="WatershedSegmenter.cpp">
      <Filter>Generated Files</Filter>
    </ClCompile>
    <ClCompile Include="FindShape.cpp">
      <Filter>Generated Files</Filter>
    </ClCompile>
  </ItemGroup>
  <ItemGroup>
    <CustomBuild Include="OpencvDemo.qrc">
      <Filter>Resource Files</Filter>
    </CustomBuild>
    <CustomBuild Include="QDlgMain.ui">
      <Filter>Form Files</Filter>
    </CustomBuild>
    <CustomBuild Include="QDlgMain.h" />
  </ItemGroup>
  <ItemGroup>
    <ClInclude Include="GeneratedFiles\resource.h">
      <Filter>Generated Files</Filter>
    </ClInclude>
    <ClInclude Include="GeneratedFiles\ui_QDlgMain.h">
      <Filter>Generated Files</Filter>
    </ClInclude>
    <ClInclude Include="Huawei\dfspottestapi.h">
      <Filter>Generated Files</Filter>
    </ClInclude>
    <ClInclude Include="GlobalFunction.h" />
    <ClInclude Include="resource.h">
      <Filter>Generated Files</Filter>
    </ClInclude>
    <ClInclude Include="LineFinder.h">
      <Filter>Generated Files</Filter>
    </ClInclude>
    <ClInclude Include="WatershedSegmenter.h">
      <Filter>Generated Files</Filter>
    </ClInclude>
    <ClInclude Include="FindShape.h">
      <Filter>Generated Files</Filter>
    </ClInclude>
  </ItemGroup>
  <ItemGroup>
    <ResourceCompile Include="OpencvDemo.rc">
      <Filter>Resource Files</Filter>
    </ResourceCompile>
  </ItemGroup>
</Project>